<?xml version="1.0" encoding="utf-8"?>
<Project ToolsVersion="4.0" xmlns="http://schemas.microsoft.com/developer/msbuild/2003">
  <ItemGroup>
    <Filter Include="Source Files">
      <UniqueIdentifier>{4FC737F1-C7A5-4376-A066-2A32D752A2FF}</UniqueIdentifier>
      <Extensions>cpp;c;cc;cxx;def;odl;idl;hpj;bat;asm;asmx</Extensions>
    </Filter>
    <Filter Include="ripple-libpp">
      <UniqueIdentifier>{59759521-4988-4183-bc3c-aecb43d15329}</UniqueIdentifier>
    </Filter>
    <Filter Include="qrcode">
      <UniqueIdentifier>{144be3e7-e53c-4a18-a65b-9c7e25f001f3}</UniqueIdentifier>
    </Filter>
    <Filter Include="Source Files\Dialogs">
      <UniqueIdentifier>{b00ce6f6-bb4b-4d6d-ae94-b92ab83b34cb}</UniqueIdentifier>
    </Filter>
    <Filter Include="Source Files\Panels">
      <UniqueIdentifier>{c590a66c-6a01-4e41-af37-dbce553933f4}</UniqueIdentifier>
    </Filter>
  </ItemGroup>
  <ItemGroup>
    <ClCompile Include="..\..\Source\stdafx.cpp">
      <Filter>Source Files</Filter>
    </ClCompile>
    <ClCompile Include="..\..\Source\Xrp_WalletApp.cpp">
      <Filter>Source Files</Filter>
    </ClCompile>
    <ClCompile Include="..\..\Source\Xrp_WalletFrm.cpp">
      <Filter>Source Files</Filter>
    </ClCompile>
    <ClCompile Include="..\..\Extras\ripple-libpp\src\unity\ripple-libpp.cpp">
      <Filter>ripple-libpp</Filter>
    </ClCompile>
    <ClCompile Include="..\..\Source\DialogQR.cpp">
      <Filter>Source Files\Dialogs</Filter>
    </ClCompile>
    <ClCompile Include="..\..\Source\DialogSusPay.cpp">
      <Filter>Source Files\Dialogs</Filter>
    </ClCompile>
    <ClCompile Include="..\..\Source\PanelQRCode.cpp">
      <Filter>Source Files\Panels</Filter>
    </ClCompile>
    <ClCompile Include="..\..\Source\DialogSignList.cpp">
      <Filter>Source Files\Dialogs</Filter>
    </ClCompile>
    <ClCompile Include="..\..\Extras\ripple-libpp\extras\rippled\src\ripple\unity\ed25519_donna.c">
      <Filter>ripple-libpp</Filter>
    </ClCompile>
    <ClCompile Include="..\..\Source\DialogAccountSettings.cpp">
      <Filter>Source Files\Dialogs</Filter>
    </ClCompile>
    <ClCompile Include="..\..\Source\Account.cpp">
      <Filter>Source Files</Filter>
    </ClCompile>
    <ClCompile Include="..\..\Source\AccountManager.cpp">
      <Filter>Source Files</Filter>
    </ClCompile>
  </ItemGroup>
  <ItemGroup>
    <ClInclude Include="..\..\Source\stdafx.hpp">
      <Filter>Source Files</Filter>
    </ClInclude>
    <ClInclude Include="..\..\Source\Xrp_WalletApp.h">
      <Filter>Source Files</Filter>
    </ClInclude>
    <ClInclude Include="..\..\Source\Xrp_WalletFrm.h">
      <Filter>Source Files</Filter>
    </ClInclude>
    <ClInclude Include="..\..\Source\Singleton.hpp">
      <Filter>Source Files</Filter>
    </ClInclude>
    <ClInclude Include="..\..\Source\DialogQR.h">
      <Filter>Source Files\Dialogs</Filter>
    </ClInclude>
    <ClInclude Include="..\..\Source\DialogSusPay.h">
      <Filter>Source Files\Dialogs</Filter>
    </ClInclude>
    <ClInclude Include="..\..\Source\PanelQRCode.h">
      <Filter>Source Files\Panels</Filter>
    </ClInclude>
    <ClInclude Include="..\..\Source\DialogSignList.h">
      <Filter>Source Files\Dialogs</Filter>
    </ClInclude>
    <ClInclude Include="..\..\Source\DialogAccountSettings.h">
      <Filter>Source Files\Dialogs</Filter>
    </ClInclude>
    <ClInclude Include="..\..\Source\Account.hpp">
      <Filter>Source Files</Filter>
    </ClInclude>
    <ClInclude Include="..\..\Source\AccountManager.hpp">
      <Filter>Source Files</Filter>
    </ClInclude>
  </ItemGroup>
  <ItemGroup>
    <ResourceCompile Include="..\..\Source\Xrp_WalletApp.rc">
      <Filter>Source Files</Filter>
    </ResourceCompile>
  </ItemGroup>
</Project>